# This file is autogenerated, do not edit; changes may be undone by the next 'dep ensure'.


[[projects]]
  branch = "master"
  digest = "1:442a2adddbd6d274a0be75cc491057b9ec52a5fe5cd6f04ee9b88332935277b6"
  name = "github.com/NVIDIA/gpu-monitoring-tools"
  packages = ["bindings/go/nvml"]
  pruneopts = "UT"
  revision = "e019f3b160a4df4a2f22fac2a918ad1c128e69b1"

[[projects]]
  digest = "1:28c2511ad34394d299bca82becccc5dff425819faca8b9fbef0bcd5a88c87d29"
  name = "github.com/fsnotify/fsnotify"
  packages = ["."]
  pruneopts = "UT"
  revision = "f12c6236fe7b5cf6bcf30e5935d08cb079d78334"

[[projects]]
  digest = "1:aa01c876fb4c8fb74b7e37bcf23e5359b32335b24b7cad1d5a343d856c916305"
  name = "github.com/gogo/protobuf"
  packages = [
    "gogoproto",
    "proto",
    "protoc-gen-gogo/descriptor",
    "sortkeys",
  ]
  pruneopts = "UT"
  revision = "c0656edd0d9eab7c66d1eb0c568f9039345796f7"

[[projects]]
  digest = "1:8f2df6167daef6f4d56d07f99bbcf4733117db0dedfd959995b9a679c52561f1"
  name = "github.com/golang/protobuf"
  packages = [
    "proto",
    "ptypes",
    "ptypes/any",
    "ptypes/duration",
    "ptypes/timestamp",
  ]
  pruneopts = "UT"
  revision = "1643683e1b54a9e88ad26d98f81400c8c9d9f4f9"

[[projects]]
  digest = "1:eb1363f1b6505a1bbc2fb12df67f9ab63eabff7c8465991e5b2d1c586690ba27"
  name = "golang.org/x/net"
  packages = [
    "context",
    "http2",
    "http2/hpack",
    "idna",
    "internal/timeseries",
    "lex/httplex",
    "trace",
  ]
  pruneopts = "UT"
  revision = "1c05540f6879653db88113bc4a2b70aec4bd491f"

[[projects]]
  digest = "1:1435c3b63fada2c5837e52169490cbf1649b58e0146c26019d5609efdbf874ce"
  name = "golang.org/x/sys"
  packages = ["unix"]
  pruneopts = "UT"
  revision = "95c6576299259db960f6c5b9b69ea52422860fce"

[[projects]]
  digest = "1:97337ef8cb438f9e3a99ea91a300e916ed9a96fbf3ad50f9a020d30ea9f8692f"
  name = "golang.org/x/text"
  packages = [
    "internal/gen",
    "internal/triegen",
    "internal/ucd",
    "secure/bidirule",
    "transform",
    "unicode/bidi",
    "unicode/cldr",
    "unicode/norm",
    "unicode/rangetable",
  ]
  pruneopts = "UT"
  revision = "b19bf474d317b857955b12035d2c5acb57ce8b01"

[[projects]]
  digest = "1:93180612a69db36a06d801302b867d53a50a8a5f0943b34db66adc0574ea57df"
  name = "google.golang.org/genproto"
  packages = ["googleapis/rpc/status"]
  pruneopts = "UT"
  revision = "09f6ed296fc66555a25fe4ce95173148778dfa85"

[[projects]]
  digest = "1:c91f531431e38fdb3172acc315845998993e55bbeb5bcf726ff3922fd1c98ddd"
  name = "google.golang.org/grpc"
  packages = [
    ".",
    "balancer",
    "codes",
    "connectivity",
    "credentials",
    "grpclb/grpc_lb_v1/messages",
    "grpclog",
    "internal",
    "keepalive",
    "metadata",
    "naming",
    "peer",
    "resolver",
    "stats",
    "status",
    "tap",
    "transport",
  ]
  pruneopts = "UT"
  revision = "5b3c4e850e90a4cf6a20ebd46c8b32a0a3afcb9e"
  version = "v1.7.5"

[[projects]]
  digest = "1:f104fbafafd5a054a134f2a27436bd3a4b73f3321bda04eaab334f9de2a5f018"
  name = "k8s.io/kubernetes"
  packages = ["pkg/kubelet/apis/deviceplugin/v1beta1"]
  pruneopts = "UT"
  revision = "91e7b4fd31fcd3d5f436da26c980becec37ceefe"
  version = "v1.11.0"

[solve-meta]
  analyzer-name = "dep"
  analyzer-version = 1
  input-imports = [
    "github.com/NVIDIA/gpu-monitoring-tools/bindings/go/nvml",
    "github.com/fsnotify/fsnotify",
    "golang.org/x/net/context",
    "google.golang.org/grpc",
    "k8s.io/kubernetes/pkg/kubelet/apis/deviceplugin/v1beta1",
  ]
  solver-name = "gps-cdcl"
  solver-version = 1
