dependencies:
- name: node-feature-discovery
  repository: https://kubernetes-sigs.github.io/node-feature-discovery/charts
  version: 0.12.1
- name: gpu-feature-discovery
  repository: ""
  version: 0.8.0-rc.2
digest: sha256:6831cb91438a837c3f23a499c9607ab463e6ec2aa8c5048aded93325492adf53
generated: "2023-03-28T22:22:47.487194+02:00"
