dependencies:
- name: node-feature-discovery
  repository: https://kubernetes-sigs.github.io/node-feature-discovery/charts
  version: 0.12.1
- name: gpu-feature-discovery
  repository: ""
  version: 0.8.0
digest: sha256:5d8a4c5f04fd3c2a71fbe49b580c89964c3a3049dee5b792e7a50eef0ddf7a7d
generated: "2023-03-31T11:32:52.478579-07:00"
